// !$*UTF8*$!
{
	archiveVersion = 1;
	classes = {
	};
	objectVersion = 77;
	objects = {

/* Begin PBXBuildFile section */
		5C5481264CFFDBFD5CB59195 /* Pods_EMASCurlDemo.framework in Frameworks */ = {isa = PBXBuildFile; fileRef = 226913C558EE701DCE6DCA3F /* Pods_EMASCurlDemo.framework */; };
		6F3F5FED2CD0DB520014025B /* EMASCurl.framework in Frameworks */ = {isa = PBXBuildFile; fileRef = 6F3F5FDA2CD0DB200014025B /* EMASCurl.framework */; };
		6F3F60232CD0E07F0014025B /* EMASCurl.h in Headers */ = {isa = PBXBuildFile; fileRef = 6F3F601F2CD0E07F0014025B /* EMASCurl.h */; settings = {ATTRIBUTES = (Public, ); }; };
		6F3F60242CD0E07F0014025B /* EMASCurlProtocol.h in Headers */ = {isa = PBXBuildFile; fileRef = 6F3F60202CD0E07F0014025B /* EMASCurlProtocol.h */; settings = {ATTRIBUTES = (Public, ); }; };
		6F3F60252CD0E07F0014025B /* EMASCurlProtocol.m in Sources */ = {isa = PBXBuildFile; fileRef = 6F3F60212CD0E07F0014025B /* EMASCurlProtocol.m */; };
		6F3F60372CD0E0890014025B /* AppDelegate.m in Sources */ = {isa = PBXBuildFile; fileRef = 6F3F602A2CD0E0890014025B /* AppDelegate.m */; };
		6F3F60382CD0E0890014025B /* main.m in Sources */ = {isa = PBXBuildFile; fileRef = 6F3F602F2CD0E0890014025B /* main.m */; };
		6F3F60392CD0E0890014025B /* SceneDelegate.m in Sources */ = {isa = PBXBuildFile; fileRef = 6F3F60332CD0E0890014025B /* SceneDelegate.m */; };
		6F3F603A2CD0E0890014025B /* ViewController.m in Sources */ = {isa = PBXBuildFile; fileRef = 6F3F60352CD0E0890014025B /* ViewController.m */; };
		6F3F603B2CD0E0890014025B /* Assets.xcassets in Resources */ = {isa = PBXBuildFile; fileRef = 6F3F602B2CD0E0890014025B /* Assets.xcassets */; };
		6F3F603D2CD0E0890014025B /* LaunchScreen.storyboard in Resources */ = {isa = PBXBuildFile; fileRef = 6F3F602E2CD0E0890014025B /* LaunchScreen.storyboard */; };
		6F3F603E2CD0E0890014025B /* Main.storyboard in Resources */ = {isa = PBXBuildFile; fileRef = 6F3F60312CD0E0890014025B /* Main.storyboard */; };
		94105BF32DA9267600DC9612 /* ca.crt in Resources */ = {isa = PBXBuildFile; fileRef = 94105BDC2DA9267600DC9612 /* ca.crt */; };
		94105C012DA9267600DC9612 /* server.py in Resources */ = {isa = PBXBuildFile; fileRef = 94105BF02DA9267600DC9612 /* server.py */; };
		941470C02DD1A9680072507F /* NSCachedURLResponse+EMASCurl.h in Headers */ = {isa = PBXBuildFile; fileRef = 941470BE2DD1A9680072507F /* NSCachedURLResponse+EMASCurl.h */; };
		941470C12DD1A9680072507F /* EMASCurlResponseCache.h in Headers */ = {isa = PBXBuildFile; fileRef = 941470BB2DD1A9680072507F /* EMASCurlResponseCache.h */; };
		941470C22DD1A9680072507F /* EMASCurlCacheConstants.h in Headers */ = {isa = PBXBuildFile; fileRef = 941470B92DD1A9680072507F /* EMASCurlCacheConstants.h */; };
		941470C42DD1A9680072507F /* NSCachedURLResponse+EMASCurl.m in Sources */ = {isa = PBXBuildFile; fileRef = 941470BF2DD1A9680072507F /* NSCachedURLResponse+EMASCurl.m */; };
		941470C62DD1A9680072507F /* EMASCurlResponseCache.m in Sources */ = {isa = PBXBuildFile; fileRef = 941470BC2DD1A9680072507F /* EMASCurlResponseCache.m */; };
		942FF3822E16235C005C70B2 /* EMASCurlConcurrencyTest.m in Sources */ = {isa = PBXBuildFile; fileRef = 942FF3812E16235C005C70B2 /* EMASCurlConcurrencyTest.m */; };
		944708112DE01D5800856898 /* EMASCurlLogger.h in Headers */ = {isa = PBXBuildFile; fileRef = 9447080F2DE01D5800856898 /* EMASCurlLogger.h */; };
		944708122DE01D5800856898 /* EMASCurlLogger.m in Sources */ = {isa = PBXBuildFile; fileRef = 944708102DE01D5800856898 /* EMASCurlLogger.m */; };
		946DB1A82EA7EACE00DC89E2 /* EMASCurlCacheTest.m in Sources */ = {isa = PBXBuildFile; fileRef = 946DB1A52EA7EACE00DC89E2 /* EMASCurlCacheTest.m */; };
		946DB1AA2EA7F33900DC89E2 /* EMASCurlProtocolThreadingTest.m in Sources */ = {isa = PBXBuildFile; fileRef = 946DB1A92EA7F33900DC89E2 /* EMASCurlProtocolThreadingTest.m */; };
		946DB1AC2EA7F34900DC89E2 /* EMASCurlProtocolEarlyFailTest.m in Sources */ = {isa = PBXBuildFile; fileRef = 946DB1AB2EA7F34900DC89E2 /* EMASCurlProtocolEarlyFailTest.m */; };
		9492D6A82D30226200008A84 /* RequestDemoController.m in Sources */ = {isa = PBXBuildFile; fileRef = 9492D6A52D30226200008A84 /* RequestDemoController.m */; };
		9492D6A92D30226200008A84 /* WkWebViewDemoController.m in Sources */ = {isa = PBXBuildFile; fileRef = 9492D6A72D30226200008A84 /* WkWebViewDemoController.m */; };
		949538D82D0F372B001FE850 /* EMASCurlDownloadTest.m in Sources */ = {isa = PBXBuildFile; fileRef = 949538D72D0F372B001FE850 /* EMASCurlDownloadTest.m */; };
		949539152D0FC531001FE850 /* EMASCurlSimpleTest.m in Sources */ = {isa = PBXBuildFile; fileRef = 949539142D0FC531001FE850 /* EMASCurlSimpleTest.m */; };
		949539172D1020B7001FE850 /* EMASCurlUploadTest.m in Sources */ = {isa = PBXBuildFile; fileRef = 949539162D1020B7001FE850 /* EMASCurlUploadTest.m */; };
		949539192D116EB8001FE850 /* EMASCurlMetricObserverTest.m in Sources */ = {isa = PBXBuildFile; fileRef = 949539182D116EB8001FE850 /* EMASCurlMetricObserverTest.m */; };
		9495391B2D1194DD001FE850 /* EMASCurlDNSResolverTest.m in Sources */ = {isa = PBXBuildFile; fileRef = 9495391A2D1194DD001FE850 /* EMASCurlDNSResolverTest.m */; };
		94953A972D1BEBE8001FE850 /* EMASCurlTimeoutTest.m in Sources */ = {isa = PBXBuildFile; fileRef = 94953A962D1BEBE8001FE850 /* EMASCurlTimeoutTest.m */; };
		949788D82D4FAA0D0042BE44 /* EMASCurlCookieStorage.m in Sources */ = {isa = PBXBuildFile; fileRef = 949788D72D4FAA0D0042BE44 /* EMASCurlCookieStorage.m */; };
		949788D92D4FAA0D0042BE44 /* EMASCurlCookieStorage.h in Headers */ = {isa = PBXBuildFile; fileRef = 949788D62D4FAA0D0042BE44 /* EMASCurlCookieStorage.h */; };
		949789052D4FE2DB0042BE44 /* EMASCurlCookieTest.m in Sources */ = {isa = PBXBuildFile; fileRef = 949789042D4FE2DB0042BE44 /* EMASCurlCookieTest.m */; };
		94C5B5DA2D071D86006BC856 /* EMASCurlManager.h in Headers */ = {isa = PBXBuildFile; fileRef = 94C5B5D82D071D86006BC856 /* EMASCurlManager.h */; };
		94C5B5DB2D071D86006BC856 /* EMASCurlManager.m in Sources */ = {isa = PBXBuildFile; fileRef = 94C5B5D92D071D86006BC856 /* EMASCurlManager.m */; };
		94C877EE2EDBF6B5002CC896 /* EMASCurlCancellationTest.m in Sources */ = {isa = PBXBuildFile; fileRef = 94C877EA2EDBF6B4002CC896 /* EMASCurlCancellationTest.m */; };
		94C877EF2EDBF6B5002CC896 /* EMASCurlRedirectTest.m in Sources */ = {isa = PBXBuildFile; fileRef = 94C877EC2EDBF6B4002CC896 /* EMASCurlRedirectTest.m */; };
		94C877F02EDBF6B5002CC896 /* EMASCurlSSLValidationTest.m in Sources */ = {isa = PBXBuildFile; fileRef = 94C877ED2EDBF6B4002CC896 /* EMASCurlSSLValidationTest.m */; };
		94C877F12EDBF6B5002CC896 /* EMASCurlDomainFilterTest.m in Sources */ = {isa = PBXBuildFile; fileRef = 94C877EB2EDBF6B4002CC896 /* EMASCurlDomainFilterTest.m */; };
		94C878082EE6EBEE002CC896 /* EMASCurlPathFilterTest.m in Sources */ = {isa = PBXBuildFile; fileRef = 94C878072EE6EBEE002CC896 /* EMASCurlPathFilterTest.m */; };
		94E674122E5C35D8005FE92E /* EMASLocalHttpProxyUploadTest.m in Sources */ = {isa = PBXBuildFile; fileRef = 94E674112E5C35D8005FE92E /* EMASLocalHttpProxyUploadTest.m */; };
		94E674152E5C35E5005FE92E /* EMASLocalHttpProxyHalfCloseTest.m in Sources */ = {isa = PBXBuildFile; fileRef = 94E674132E5C35E5005FE92E /* EMASLocalHttpProxyHalfCloseTest.m */; };
		94E674A22E5FE034005FE92E /* EMASLocalHttpProxyConnectionReuseTest.m in Sources */ = {isa = PBXBuildFile; fileRef = 94E674A12E5FE034005FE92E /* EMASLocalHttpProxyConnectionReuseTest.m */; };
		94E674A72E621E1B005FE92E /* EMASCurlConfigurationManager.h in Headers */ = {isa = PBXBuildFile; fileRef = 94E674A52E621E1B005FE92E /* EMASCurlConfigurationManager.h */; };
		94E674A82E621E1B005FE92E /* EMASCurlConfiguration.h in Headers */ = {isa = PBXBuildFile; fileRef = 94E674A32E621E1B005FE92E /* EMASCurlConfiguration.h */; settings = {ATTRIBUTES = (Public, ); }; };
		94E674A92E621E1B005FE92E /* EMASCurlConfiguration.m in Sources */ = {isa = PBXBuildFile; fileRef = 94E674A42E621E1B005FE92E /* EMASCurlConfiguration.m */; };
		94E674AA2E621E1B005FE92E /* EMASCurlConfigurationManager.m in Sources */ = {isa = PBXBuildFile; fileRef = 94E674A62E621E1B005FE92E /* EMASCurlConfigurationManager.m */; };
		94E674AD2E62B4D3005FE92E /* EMASCurlMultiInstanceTest.m in Sources */ = {isa = PBXBuildFile; fileRef = 94E674AC2E62B4D3005FE92E /* EMASCurlMultiInstanceTest.m */; };
		94E674AE2E62B4D3005FE92E /* EMASCurlConfigurationTest.m in Sources */ = {isa = PBXBuildFile; fileRef = 94E674AB2E62B4D3005FE92E /* EMASCurlConfigurationTest.m */; };
		94E674AF2E62B7EC005FE92E /* EMASLocalProxy.framework in Frameworks */ = {isa = PBXBuildFile; fileRef = 94F806862E52B6E300B6FE7A /* EMASLocalProxy.framework */; };
		94F3D04D2EB361AA0039304A /* LogViewerController.m in Sources */ = {isa = PBXBuildFile; fileRef = 94F3D04C2EB361AA0039304A /* LogViewerController.m */; };
		94F3D04E2EB361AA0039304A /* LogManager.m in Sources */ = {isa = PBXBuildFile; fileRef = 94F3D04A2EB361AA0039304A /* LogManager.m */; };
		94F3D05C2EB3D3F80039304A /* EMASCurlProxySetting.h in Headers */ = {isa = PBXBuildFile; fileRef = 94F3D05B2EB3D3F80039304A /* EMASCurlProxySetting.h */; };
		94F806892E52B6E300B6FE7A /* EMASLocalProxy.h in Headers */ = {isa = PBXBuildFile; fileRef = 94F806882E52B6E300B6FE7A /* EMASLocalProxy.h */; settings = {ATTRIBUTES = (Public, ); }; };
		94F806A02E52C26100B6FE7A /* EMASLocalHttpProxy.m in Sources */ = {isa = PBXBuildFile; fileRef = 94F8069F2E52C26100B6FE7A /* EMASLocalHttpProxy.m */; };
		94F806A12E52C26100B6FE7A /* EMASLocalHttpProxy.h in Headers */ = {isa = PBXBuildFile; fileRef = 94F8069E2E52C26100B6FE7A /* EMASLocalHttpProxy.h */; settings = {ATTRIBUTES = (Public, ); }; };
		94F806C22E53141100B6FE7A /* LocalProxyDemoController.m in Sources */ = {isa = PBXBuildFile; fileRef = 94F806C12E53141100B6FE7A /* LocalProxyDemoController.m */; };
		95A1B2C32E8A000100000003 /* EMASCurlProxySetting.m in Sources */ = {isa = PBXBuildFile; fileRef = 95A1B2C32E8A000100000002 /* EMASCurlProxySetting.m */; };
		9ED156F40066301702A9AC72 /* libcurl-HTTP2.xcframework in Frameworks */ = {isa = PBXBuildFile; fileRef = 8F7550AA13D3ADD72163B2F6 /* libcurl-HTTP2.xcframework */; };
/* End PBXBuildFile section */

/* Begin PBXContainerItemProxy section */
		6F3F5FEE2CD0DB520014025B /* PBXContainerItemProxy */ = {
			isa = PBXContainerItemProxy;
			containerPortal = 6F3F5FD12CD0DB200014025B /* Project object */;
			proxyType = 1;
			remoteGlobalIDString = 6F3F5FD92CD0DB200014025B;
			remoteInfo = EMASCurl;
		};
		94E674B02E62B82F005FE92E /* PBXContainerItemProxy */ = {
			isa = PBXContainerItemProxy;
			containerPortal = 6F3F5FD12CD0DB200014025B /* Project object */;
			proxyType = 1;
			remoteGlobalIDString = 94F806852E52B6E300B6FE7A;
			remoteInfo = EMASLocalProxy;
		};
/* End PBXContainerItemProxy section */

/* Begin PBXCopyFilesBuildPhase section */
		9497905C2D580AF60042BE44 /* Embed Frameworks */ = {
			isa = PBXCopyFilesBuildPhase;
			buildActionMask = 2147483647;
			dstPath = "";
			dstSubfolderSpec = 10;
			files = (
			);
			name = "Embed Frameworks";
			runOnlyForDeploymentPostprocessing = 0;
		};
/* End PBXCopyFilesBuildPhase section */

/* Begin PBXFileReference section */
		226913C558EE701DCE6DCA3F /* Pods_EMASCurlDemo.framework */ = {isa = PBXFileReference; explicitFileType = wrapper.framework; includeInIndex = 0; path = Pods_EMASCurlDemo.framework; sourceTree = BUILT_PRODUCTS_DIR; };
		6F3F5FDA2CD0DB200014025B /* EMASCurl.framework */ = {isa = PBXFileReference; explicitFileType = wrapper.framework; includeInIndex = 0; path = EMASCurl.framework; sourceTree = BUILT_PRODUCTS_DIR; };
		6F3F5FE92CD0DB520014025B /* EMASCurlTests.xctest */ = {isa = PBXFileReference; explicitFileType = wrapper.cfbundle; includeInIndex = 0; path = EMASCurlTests.xctest; sourceTree = BUILT_PRODUCTS_DIR; };
		6F3F5FF72CD0DB6E0014025B /* EMASCurlDemo.app */ = {isa = PBXFileReference; explicitFileType = wrapper.application; includeInIndex = 0; path = EMASCurlDemo.app; sourceTree = BUILT_PRODUCTS_DIR; };
		6F3F601F2CD0E07F0014025B /* EMASCurl.h */ = {isa = PBXFileReference; lastKnownFileType = sourcecode.c.h; path = EMASCurl.h; sourceTree = "<group>"; };
		6F3F60202CD0E07F0014025B /* EMASCurlProtocol.h */ = {isa = PBXFileReference; lastKnownFileType = sourcecode.c.h; path = EMASCurlProtocol.h; sourceTree = "<group>"; };
		6F3F60212CD0E07F0014025B /* EMASCurlProtocol.m */ = {isa = PBXFileReference; lastKnownFileType = sourcecode.c.objc; path = EMASCurlProtocol.m; sourceTree = "<group>"; };
		6F3F60292CD0E0890014025B /* AppDelegate.h */ = {isa = PBXFileReference; lastKnownFileType = sourcecode.c.h; path = AppDelegate.h; sourceTree = "<group>"; };
		6F3F602A2CD0E0890014025B /* AppDelegate.m */ = {isa = PBXFileReference; lastKnownFileType = sourcecode.c.objc; path = AppDelegate.m; sourceTree = "<group>"; };
		6F3F602B2CD0E0890014025B /* Assets.xcassets */ = {isa = PBXFileReference; lastKnownFileType = folder.assetcatalog; path = Assets.xcassets; sourceTree = "<group>"; };
		6F3F602C2CD0E0890014025B /* Info.plist */ = {isa = PBXFileReference; lastKnownFileType = text.plist.xml; path = Info.plist; sourceTree = "<group>"; };
		6F3F602D2CD0E0890014025B /* Base */ = {isa = PBXFileReference; lastKnownFileType = file.storyboard; name = Base; path = Base.lproj/LaunchScreen.storyboard; sourceTree = "<group>"; };
		6F3F602F2CD0E0890014025B /* main.m */ = {isa = PBXFileReference; lastKnownFileType = sourcecode.c.objc; path = main.m; sourceTree = "<group>"; };
		6F3F60302CD0E0890014025B /* Base */ = {isa = PBXFileReference; lastKnownFileType = file.storyboard; name = Base; path = Base.lproj/Main.storyboard; sourceTree = "<group>"; };
		6F3F60322CD0E0890014025B /* SceneDelegate.h */ = {isa = PBXFileReference; lastKnownFileType = sourcecode.c.h; path = SceneDelegate.h; sourceTree = "<group>"; };
		6F3F60332CD0E0890014025B /* SceneDelegate.m */ = {isa = PBXFileReference; lastKnownFileType = sourcecode.c.objc; path = SceneDelegate.m; sourceTree = "<group>"; };
		6F3F60342CD0E0890014025B /* ViewController.h */ = {isa = PBXFileReference; lastKnownFileType = sourcecode.c.h; path = ViewController.h; sourceTree = "<group>"; };
		6F3F60352CD0E0890014025B /* ViewController.m */ = {isa = PBXFileReference; lastKnownFileType = sourcecode.c.objc; path = ViewController.m; sourceTree = "<group>"; };
		73E15D7538E496E0EFD4FD8E /* Pods-EMASCurlDemo.debug.xcconfig */ = {isa = PBXFileReference; includeInIndex = 1; lastKnownFileType = text.xcconfig; name = "Pods-EMASCurlDemo.debug.xcconfig"; path = "Target Support Files/Pods-EMASCurlDemo/Pods-EMASCurlDemo.debug.xcconfig"; sourceTree = "<group>"; };
		8A23146F0EBBDA489A1A0D31 /* libcurl-HTTP2.xcframework */ = {isa = PBXFileReference; includeInIndex = 1; lastKnownFileType = wrapper.xcframework; name = "libcurl-HTTP2.xcframework"; path = "./out/libcurl-HTTP2.xcframework"; sourceTree = "<group>"; };
		8F7550AA13D3ADD72163B2F6 /* libcurl-HTTP2.xcframework */ = {isa = PBXFileReference; includeInIndex = 1; lastKnownFileType = wrapper.xcframework; name = "libcurl-HTTP2.xcframework"; path = "./precompiled/libcurl-HTTP2.xcframework"; sourceTree = "<group>"; };
		94105BDC2DA9267600DC9612 /* ca.crt */ = {isa = PBXFileReference; lastKnownFileType = text; path = ca.crt; sourceTree = "<group>"; };
		94105BDE2DA9267600DC9612 /* 1000.pem */ = {isa = PBXFileReference; lastKnownFileType = text; path = 1000.pem; sourceTree = "<group>"; };
		94105BE02DA9267600DC9612 /* ca.key */ = {isa = PBXFileReference; lastKnownFileType = text; path = ca.key; sourceTree = "<group>"; };
		94105BE22DA9267600DC9612 /* index.txt */ = {isa = PBXFileReference; lastKnownFileType = text; path = index.txt; sourceTree = "<group>"; };
		94105BE32DA9267600DC9612 /* index.txt.attr */ = {isa = PBXFileReference; lastKnownFileType = text; path = index.txt.attr; sourceTree = "<group>"; };
		94105BE42DA9267600DC9612 /* index.txt.old */ = {isa = PBXFileReference; lastKnownFileType = text; path = index.txt.old; sourceTree = "<group>"; };
		94105BE52DA9267600DC9612 /* openssl.cnf */ = {isa = PBXFileReference; lastKnownFileType = text; path = openssl.cnf; sourceTree = "<group>"; };
		94105BE62DA9267600DC9612 /* serial */ = {isa = PBXFileReference; lastKnownFileType = text; path = serial; sourceTree = "<group>"; };
		94105BE72DA9267600DC9612 /* serial.old */ = {isa = PBXFileReference; lastKnownFileType = text; path = serial.old; sourceTree = "<group>"; };
		94105BE92DA9267600DC9612 /* server.crt */ = {isa = PBXFileReference; lastKnownFileType = text; path = server.crt; sourceTree = "<group>"; };
		94105BEA2DA9267600DC9612 /* server.csr */ = {isa = PBXFileReference; lastKnownFileType = text; path = server.csr; sourceTree = "<group>"; };
		94105BEB2DA9267600DC9612 /* server.key */ = {isa = PBXFileReference; lastKnownFileType = text; path = server.key; sourceTree = "<group>"; };
		94105BEE2DA9267600DC9612 /* README.md */ = {isa = PBXFileReference; lastKnownFileType = net.daringfireball.markdown; path = README.md; sourceTree = "<group>"; };
		94105BEF2DA9267600DC9612 /* requirements.txt */ = {isa = PBXFileReference; lastKnownFileType = text; path = requirements.txt; sourceTree = "<group>"; };
		94105BF02DA9267600DC9612 /* server.py */ = {isa = PBXFileReference; lastKnownFileType = text.script.python; path = server.py; sourceTree = "<group>"; };
		94105BF12DA9267600DC9612 /* server_controller.py */ = {isa = PBXFileReference; lastKnownFileType = text.script.python; path = server_controller.py; sourceTree = "<group>"; };
		941470B92DD1A9680072507F /* EMASCurlCacheConstants.h */ = {isa = PBXFileReference; lastKnownFileType = sourcecode.c.h; path = EMASCurlCacheConstants.h; sourceTree = "<group>"; };
		941470BB2DD1A9680072507F /* EMASCurlResponseCache.h */ = {isa = PBXFileReference; lastKnownFileType = sourcecode.c.h; path = EMASCurlResponseCache.h; sourceTree = "<group>"; };
		941470BC2DD1A9680072507F /* EMASCurlResponseCache.m */ = {isa = PBXFileReference; lastKnownFileType = sourcecode.c.objc; path = EMASCurlResponseCache.m; sourceTree = "<group>"; };
		941470BE2DD1A9680072507F /* NSCachedURLResponse+EMASCurl.h */ = {isa = PBXFileReference; lastKnownFileType = sourcecode.c.h; path = "NSCachedURLResponse+EMASCurl.h"; sourceTree = "<group>"; };
		941470BF2DD1A9680072507F /* NSCachedURLResponse+EMASCurl.m */ = {isa = PBXFileReference; lastKnownFileType = sourcecode.c.objc; path = "NSCachedURLResponse+EMASCurl.m"; sourceTree = "<group>"; };
		942FF3812E16235C005C70B2 /* EMASCurlConcurrencyTest.m */ = {isa = PBXFileReference; lastKnownFileType = sourcecode.c.objc; path = EMASCurlConcurrencyTest.m; sourceTree = "<group>"; };
		9447080F2DE01D5800856898 /* EMASCurlLogger.h */ = {isa = PBXFileReference; lastKnownFileType = sourcecode.c.h; path = EMASCurlLogger.h; sourceTree = "<group>"; };
		944708102DE01D5800856898 /* EMASCurlLogger.m */ = {isa = PBXFileReference; lastKnownFileType = sourcecode.c.objc; path = EMASCurlLogger.m; sourceTree = "<group>"; };
		946DB1A52EA7EACE00DC89E2 /* EMASCurlCacheTest.m */ = {isa = PBXFileReference; lastKnownFileType = sourcecode.c.objc; path = EMASCurlCacheTest.m; sourceTree = "<group>"; };
		946DB1A92EA7F33900DC89E2 /* EMASCurlProtocolThreadingTest.m */ = {isa = PBXFileReference; lastKnownFileType = sourcecode.c.objc; path = EMASCurlProtocolThreadingTest.m; sourceTree = "<group>"; };
		946DB1AB2EA7F34900DC89E2 /* EMASCurlProtocolEarlyFailTest.m */ = {isa = PBXFileReference; lastKnownFileType = sourcecode.c.objc; path = EMASCurlProtocolEarlyFailTest.m; sourceTree = "<group>"; };
		9492D6A42D30226200008A84 /* RequestDemoController.h */ = {isa = PBXFileReference; lastKnownFileType = sourcecode.c.h; path = RequestDemoController.h; sourceTree = "<group>"; };
		9492D6A52D30226200008A84 /* RequestDemoController.m */ = {isa = PBXFileReference; lastKnownFileType = sourcecode.c.objc; path = RequestDemoController.m; sourceTree = "<group>"; };
		9492D6A62D30226200008A84 /* WkWebViewDemoController.h */ = {isa = PBXFileReference; lastKnownFileType = sourcecode.c.h; path = WkWebViewDemoController.h; sourceTree = "<group>"; };
		9492D6A72D30226200008A84 /* WkWebViewDemoController.m */ = {isa = PBXFileReference; lastKnownFileType = sourcecode.c.objc; path = WkWebViewDemoController.m; sourceTree = "<group>"; };
		949538C92D0E7736001FE850 /* EMASCurlTestConstants.h */ = {isa = PBXFileReference; lastKnownFileType = sourcecode.c.h; path = EMASCurlTestConstants.h; sourceTree = "<group>"; };
		949538CC2D0F1CB3001FE850 /* README.md */ = {isa = PBXFileReference; lastKnownFileType = net.daringfireball.markdown; path = README.md; sourceTree = "<group>"; };
		949538D72D0F372B001FE850 /* EMASCurlDownloadTest.m */ = {isa = PBXFileReference; lastKnownFileType = sourcecode.c.objc; path = EMASCurlDownloadTest.m; sourceTree = "<group>"; };
		949539142D0FC531001FE850 /* EMASCurlSimpleTest.m */ = {isa = PBXFileReference; lastKnownFileType = sourcecode.c.objc; path = EMASCurlSimpleTest.m; sourceTree = "<group>"; };
		949539162D1020B7001FE850 /* EMASCurlUploadTest.m */ = {isa = PBXFileReference; lastKnownFileType = sourcecode.c.objc; path = EMASCurlUploadTest.m; sourceTree = "<group>"; };
		949539182D116EB8001FE850 /* EMASCurlMetricObserverTest.m */ = {isa = PBXFileReference; lastKnownFileType = sourcecode.c.objc; path = EMASCurlMetricObserverTest.m; sourceTree = "<group>"; };
		9495391A2D1194DD001FE850 /* EMASCurlDNSResolverTest.m */ = {isa = PBXFileReference; lastKnownFileType = sourcecode.c.objc; path = EMASCurlDNSResolverTest.m; sourceTree = "<group>"; };
		94953A962D1BEBE8001FE850 /* EMASCurlTimeoutTest.m */ = {isa = PBXFileReference; lastKnownFileType = sourcecode.c.objc; path = EMASCurlTimeoutTest.m; sourceTree = "<group>"; };
		949788D62D4FAA0D0042BE44 /* EMASCurlCookieStorage.h */ = {isa = PBXFileReference; lastKnownFileType = sourcecode.c.h; path = EMASCurlCookieStorage.h; sourceTree = "<group>"; };
		949788D72D4FAA0D0042BE44 /* EMASCurlCookieStorage.m */ = {isa = PBXFileReference; lastKnownFileType = sourcecode.c.objc; path = EMASCurlCookieStorage.m; sourceTree = "<group>"; };
		949789042D4FE2DB0042BE44 /* EMASCurlCookieTest.m */ = {isa = PBXFileReference; lastKnownFileType = sourcecode.c.objc; path = EMASCurlCookieTest.m; sourceTree = "<group>"; };
		94978EB22D57FFCC0042BE44 /* libcurl-HTTP2.xcframework */ = {isa = PBXFileReference; lastKnownFileType = wrapper.xcframework; name = "libcurl-HTTP2.xcframework"; path = "precompiled/libcurl-HTTP2.xcframework"; sourceTree = "<group>"; };
		94C5B5D82D071D86006BC856 /* EMASCurlManager.h */ = {isa = PBXFileReference; lastKnownFileType = sourcecode.c.h; path = EMASCurlManager.h; sourceTree = "<group>"; };
		94C5B5D92D071D86006BC856 /* EMASCurlManager.m */ = {isa = PBXFileReference; lastKnownFileType = sourcecode.c.objc; path = EMASCurlManager.m; sourceTree = "<group>"; };
		94C877EA2EDBF6B4002CC896 /* EMASCurlCancellationTest.m */ = {isa = PBXFileReference; lastKnownFileType = sourcecode.c.objc; path = EMASCurlCancellationTest.m; sourceTree = "<group>"; };
		94C877EB2EDBF6B4002CC896 /* EMASCurlDomainFilterTest.m */ = {isa = PBXFileReference; lastKnownFileType = sourcecode.c.objc; path = EMASCurlDomainFilterTest.m; sourceTree = "<group>"; };
		94C877EC2EDBF6B4002CC896 /* EMASCurlRedirectTest.m */ = {isa = PBXFileReference; lastKnownFileType = sourcecode.c.objc; path = EMASCurlRedirectTest.m; sourceTree = "<group>"; };
		94C877ED2EDBF6B4002CC896 /* EMASCurlSSLValidationTest.m */ = {isa = PBXFileReference; lastKnownFileType = sourcecode.c.objc; path = EMASCurlSSLValidationTest.m; sourceTree = "<group>"; };
		94C878072EE6EBEE002CC896 /* EMASCurlPathFilterTest.m */ = {isa = PBXFileReference; lastKnownFileType = sourcecode.c.objc; path = EMASCurlPathFilterTest.m; sourceTree = "<group>"; };
		94E674112E5C35D8005FE92E /* EMASLocalHttpProxyUploadTest.m */ = {isa = PBXFileReference; lastKnownFileType = sourcecode.c.objc; path = EMASLocalHttpProxyUploadTest.m; sourceTree = "<group>"; };
		94E674132E5C35E5005FE92E /* EMASLocalHttpProxyHalfCloseTest.m */ = {isa = PBXFileReference; lastKnownFileType = sourcecode.c.objc; path = EMASLocalHttpProxyHalfCloseTest.m; sourceTree = "<group>"; };
		94E674142E5C35E5005FE92E /* EMASLocalProxyTestConstants.h */ = {isa = PBXFileReference; lastKnownFileType = sourcecode.c.h; path = EMASLocalProxyTestConstants.h; sourceTree = "<group>"; };
		94E674A12E5FE034005FE92E /* EMASLocalHttpProxyConnectionReuseTest.m */ = {isa = PBXFileReference; lastKnownFileType = sourcecode.c.objc; path = EMASLocalHttpProxyConnectionReuseTest.m; sourceTree = "<group>"; };
		94E674A32E621E1B005FE92E /* EMASCurlConfiguration.h */ = {isa = PBXFileReference; lastKnownFileType = sourcecode.c.h; path = EMASCurlConfiguration.h; sourceTree = "<group>"; };
		94E674A42E621E1B005FE92E /* EMASCurlConfiguration.m */ = {isa = PBXFileReference; lastKnownFileType = sourcecode.c.objc; path = EMASCurlConfiguration.m; sourceTree = "<group>"; };
		94E674A52E621E1B005FE92E /* EMASCurlConfigurationManager.h */ = {isa = PBXFileReference; lastKnownFileType = sourcecode.c.h; path = EMASCurlConfigurationManager.h; sourceTree = "<group>"; };
		94E674A62E621E1B005FE92E /* EMASCurlConfigurationManager.m */ = {isa = PBXFileReference; lastKnownFileType = sourcecode.c.objc; path = EMASCurlConfigurationManager.m; sourceTree = "<group>"; };
		94E674AB2E62B4D3005FE92E /* EMASCurlConfigurationTest.m */ = {isa = PBXFileReference; lastKnownFileType = sourcecode.c.objc; path = EMASCurlConfigurationTest.m; sourceTree = "<group>"; };
		94E674AC2E62B4D3005FE92E /* EMASCurlMultiInstanceTest.m */ = {isa = PBXFileReference; lastKnownFileType = sourcecode.c.objc; path = EMASCurlMultiInstanceTest.m; sourceTree = "<group>"; };
		94F3D0492EB361AA0039304A /* LogManager.h */ = {isa = PBXFileReference; lastKnownFileType = sourcecode.c.h; path = LogManager.h; sourceTree = "<group>"; };
		94F3D04A2EB361AA0039304A /* LogManager.m */ = {isa = PBXFileReference; lastKnownFileType = sourcecode.c.objc; path = LogManager.m; sourceTree = "<group>"; };
		94F3D04B2EB361AA0039304A /* LogViewerController.h */ = {isa = PBXFileReference; lastKnownFileType = sourcecode.c.h; path = LogViewerController.h; sourceTree = "<group>"; };
		94F3D04C2EB361AA0039304A /* LogViewerController.m */ = {isa = PBXFileReference; lastKnownFileType = sourcecode.c.objc; path = LogViewerController.m; sourceTree = "<group>"; };
		94F3D05B2EB3D3F80039304A /* EMASCurlProxySetting.h */ = {isa = PBXFileReference; lastKnownFileType = sourcecode.c.h; path = EMASCurlProxySetting.h; sourceTree = "<group>"; };
		94F806862E52B6E300B6FE7A /* EMASLocalProxy.framework */ = {isa = PBXFileReference; explicitFileType = wrapper.framework; includeInIndex = 0; path = EMASLocalProxy.framework; sourceTree = BUILT_PRODUCTS_DIR; };
		94F806882E52B6E300B6FE7A /* EMASLocalProxy.h */ = {isa = PBXFileReference; lastKnownFileType = sourcecode.c.h; path = EMASLocalProxy.h; sourceTree = "<group>"; };
		94F8069E2E52C26100B6FE7A /* EMASLocalHttpProxy.h */ = {isa = PBXFileReference; lastKnownFileType = sourcecode.c.h; path = EMASLocalHttpProxy.h; sourceTree = "<group>"; };
		94F8069F2E52C26100B6FE7A /* EMASLocalHttpProxy.m */ = {isa = PBXFileReference; lastKnownFileType = sourcecode.c.objc; path = EMASLocalHttpProxy.m; sourceTree = "<group>"; };
		94F806C02E53141100B6FE7A /* LocalProxyDemoController.h */ = {isa = PBXFileReference; lastKnownFileType = sourcecode.c.h; path = LocalProxyDemoController.h; sourceTree = "<group>"; };
		94F806C12E53141100B6FE7A /* LocalProxyDemoController.m */ = {isa = PBXFileReference; lastKnownFileType = sourcecode.c.objc; path = LocalProxyDemoController.m; sourceTree = "<group>"; };
		95A1B2C32E8A000100000001 /* EMASCurlProxySetting.h */ = {isa = PBXFileReference; lastKnownFileType = sourcecode.c.h; path = EMASCurlProxySetting.h; sourceTree = "<group>"; };
		95A1B2C32E8A000100000002 /* EMASCurlProxySetting.m */ = {isa = PBXFileReference; lastKnownFileType = sourcecode.c.objc; path = EMASCurlProxySetting.m; sourceTree = "<group>"; };
		A5A30212360843BC1B87256D /* Pods-EMASCurlDemo.release.xcconfig */ = {isa = PBXFileReference; includeInIndex = 1; lastKnownFileType = text.xcconfig; name = "Pods-EMASCurlDemo.release.xcconfig"; path = "Target Support Files/Pods-EMASCurlDemo/Pods-EMASCurlDemo.release.xcconfig"; sourceTree = "<group>"; };
/* End PBXFileReference section */

/* Begin PBXFrameworksBuildPhase section */
		6F3F5FD72CD0DB200014025B /* Frameworks */ = {
			isa = PBXFrameworksBuildPhase;
			buildActionMask = 2147483647;
			files = (
				9ED156F40066301702A9AC72 /* libcurl-HTTP2.xcframework in Frameworks */,
			);
			runOnlyForDeploymentPostprocessing = 0;
		};
		6F3F5FE62CD0DB520014025B /* Frameworks */ = {
			isa = PBXFrameworksBuildPhase;
			buildActionMask = 2147483647;
			files = (
				94E674AF2E62B7EC005FE92E /* EMASLocalProxy.framework in Frameworks */,
				6F3F5FED2CD0DB520014025B /* EMASCurl.framework in Frameworks */,
			);
			runOnlyForDeploymentPostprocessing = 0;
		};
		6F3F5FF42CD0DB6E0014025B /* Frameworks */ = {
			isa = PBXFrameworksBuildPhase;
			buildActionMask = 2147483647;
			files = (
				5C5481264CFFDBFD5CB59195 /* Pods_EMASCurlDemo.framework in Frameworks */,
			);
			runOnlyForDeploymentPostprocessing = 0;
		};
		94F806832E52B6E300B6FE7A /* Frameworks */ = {
			isa = PBXFrameworksBuildPhase;
			buildActionMask = 2147483647;
			files = (
			);
			runOnlyForDeploymentPostprocessing = 0;
		};
/* End PBXFrameworksBuildPhase section */

/* Begin PBXGroup section */
		6F3F5FD02CD0DB200014025B = {
			isa = PBXGroup;
			children = (
				6F3F60222CD0E07F0014025B /* EMASCurl */,
				94F8065B2E52444B00B6FE7A /* EMASLocalProxy */,
				6F3F60272CD0E0860014025B /* EMASCurlTests */,
				94E6740B2E5B745B005FE92E /* EMASLocalProxyTests */,
				6F3F60362CD0E0890014025B /* EMASCurlDemo */,
				94105BF22DA9267600DC9612 /* MockServer */,
				6F3F60112CD0DB7D0014025B /* Frameworks */,
				6F3F5FDB2CD0DB200014025B /* Products */,
				F020AA635FEA508BFC2214FC /* Pods */,
			);
			sourceTree = "<group>";
		};
		6F3F5FDB2CD0DB200014025B /* Products */ = {
			isa = PBXGroup;
			children = (
				6F3F5FDA2CD0DB200014025B /* EMASCurl.framework */,
				6F3F5FE92CD0DB520014025B /* EMASCurlTests.xctest */,
				6F3F5FF72CD0DB6E0014025B /* EMASCurlDemo.app */,
				94F806862E52B6E300B6FE7A /* EMASLocalProxy.framework */,
			);
			name = Products;
			sourceTree = "<group>";
		};
		6F3F60112CD0DB7D0014025B /* Frameworks */ = {
			isa = PBXGroup;
			children = (
				94978EB22D57FFCC0042BE44 /* libcurl-HTTP2.xcframework */,
				226913C558EE701DCE6DCA3F /* Pods_EMASCurlDemo.framework */,
				8A23146F0EBBDA489A1A0D31 /* libcurl-HTTP2.xcframework */,
				8F7550AA13D3ADD72163B2F6 /* libcurl-HTTP2.xcframework */,
			);
			name = Frameworks;
			sourceTree = "<group>";
		};
		6F3F60222CD0E07F0014025B /* EMASCurl */ = {
			isa = PBXGroup;
			children = (
				6F3F601F2CD0E07F0014025B /* EMASCurl.h */,
				95A1B2C32E8A000100000001 /* EMASCurlProxySetting.h */,
				94E674A32E621E1B005FE92E /* EMASCurlConfiguration.h */,
				94E674A42E621E1B005FE92E /* EMASCurlConfiguration.m */,
				94E674A52E621E1B005FE92E /* EMASCurlConfigurationManager.h */,
				94E674A62E621E1B005FE92E /* EMASCurlConfigurationManager.m */,
				6F3F60202CD0E07F0014025B /* EMASCurlProtocol.h */,
				6F3F60212CD0E07F0014025B /* EMASCurlProtocol.m */,
				94F3D05B2EB3D3F80039304A /* EMASCurlProxySetting.h */,
				95A1B2C32E8A000100000002 /* EMASCurlProxySetting.m */,
				94C5B5D82D071D86006BC856 /* EMASCurlManager.h */,
				94C5B5D92D071D86006BC856 /* EMASCurlManager.m */,
				9447080F2DE01D5800856898 /* EMASCurlLogger.h */,
				944708102DE01D5800856898 /* EMASCurlLogger.m */,
				949788D62D4FAA0D0042BE44 /* EMASCurlCookieStorage.h */,
				949788D72D4FAA0D0042BE44 /* EMASCurlCookieStorage.m */,
				941470B92DD1A9680072507F /* EMASCurlCacheConstants.h */,
				941470BB2DD1A9680072507F /* EMASCurlResponseCache.h */,
				941470BC2DD1A9680072507F /* EMASCurlResponseCache.m */,
				941470BE2DD1A9680072507F /* NSCachedURLResponse+EMASCurl.h */,
				941470BF2DD1A9680072507F /* NSCachedURLResponse+EMASCurl.m */,
			);
			path = EMASCurl;
			sourceTree = "<group>";
		};
		6F3F60272CD0E0860014025B /* EMASCurlTests */ = {
			isa = PBXGroup;
			children = (
				94E674AB2E62B4D3005FE92E /* EMASCurlConfigurationTest.m */,
				94E674AC2E62B4D3005FE92E /* EMASCurlMultiInstanceTest.m */,
				942FF3812E16235C005C70B2 /* EMASCurlConcurrencyTest.m */,
				949538C92D0E7736001FE850 /* EMASCurlTestConstants.h */,
				949539142D0FC531001FE850 /* EMASCurlSimpleTest.m */,
				949538D72D0F372B001FE850 /* EMASCurlDownloadTest.m */,
				949539162D1020B7001FE850 /* EMASCurlUploadTest.m */,
				94C877EA2EDBF6B4002CC896 /* EMASCurlCancellationTest.m */,
				94C877EB2EDBF6B4002CC896 /* EMASCurlDomainFilterTest.m */,
				94C878072EE6EBEE002CC896 /* EMASCurlPathFilterTest.m */,
				94C877EC2EDBF6B4002CC896 /* EMASCurlRedirectTest.m */,
				94C877ED2EDBF6B4002CC896 /* EMASCurlSSLValidationTest.m */,
				949539182D116EB8001FE850 /* EMASCurlMetricObserverTest.m */,
				9495391A2D1194DD001FE850 /* EMASCurlDNSResolverTest.m */,
				94953A962D1BEBE8001FE850 /* EMASCurlTimeoutTest.m */,
				949789042D4FE2DB0042BE44 /* EMASCurlCookieTest.m */,
				946DB1A52EA7EACE00DC89E2 /* EMASCurlCacheTest.m */,
				946DB1A92EA7F33900DC89E2 /* EMASCurlProtocolThreadingTest.m */,
				946DB1AB2EA7F34900DC89E2 /* EMASCurlProtocolEarlyFailTest.m */,
				949538CC2D0F1CB3001FE850 /* README.md */,
			);
			path = EMASCurlTests;
			sourceTree = "<group>";
		};
		6F3F60362CD0E0890014025B /* EMASCurlDemo */ = {
			isa = PBXGroup;
			children = (
				6F3F60292CD0E0890014025B /* AppDelegate.h */,
				6F3F602A2CD0E0890014025B /* AppDelegate.m */,
				6F3F602B2CD0E0890014025B /* Assets.xcassets */,
				6F3F602C2CD0E0890014025B /* Info.plist */,
				6F3F602E2CD0E0890014025B /* LaunchScreen.storyboard */,
				6F3F602F2CD0E0890014025B /* main.m */,
				6F3F60312CD0E0890014025B /* Main.storyboard */,
				6F3F60322CD0E0890014025B /* SceneDelegate.h */,
				6F3F60332CD0E0890014025B /* SceneDelegate.m */,
				6F3F60342CD0E0890014025B /* ViewController.h */,
				6F3F60352CD0E0890014025B /* ViewController.m */,
				94F3D0492EB361AA0039304A /* LogManager.h */,
				94F3D04A2EB361AA0039304A /* LogManager.m */,
				94F3D04B2EB361AA0039304A /* LogViewerController.h */,
				94F3D04C2EB361AA0039304A /* LogViewerController.m */,
				9492D6A42D30226200008A84 /* RequestDemoController.h */,
				9492D6A52D30226200008A84 /* RequestDemoController.m */,
				94F806C02E53141100B6FE7A /* LocalProxyDemoController.h */,
				94F806C12E53141100B6FE7A /* LocalProxyDemoController.m */,
				9492D6A62D30226200008A84 /* WkWebViewDemoController.h */,
				9492D6A72D30226200008A84 /* WkWebViewDemoController.m */,
			);
			path = EMASCurlDemo;
			sourceTree = "<group>";
		};
		94105BDD2DA9267600DC9612 /* certs */ = {
			isa = PBXGroup;
			children = (
				94105BDC2DA9267600DC9612 /* ca.crt */,
			);
			path = certs;
			sourceTree = "<group>";
		};
		94105BDF2DA9267600DC9612 /* newcerts */ = {
			isa = PBXGroup;
			children = (
				94105BDE2DA9267600DC9612 /* 1000.pem */,
			);
			path = newcerts;
			sourceTree = "<group>";
		};
		94105BE12DA9267600DC9612 /* private */ = {
			isa = PBXGroup;
			children = (
				94105BE02DA9267600DC9612 /* ca.key */,
			);
			path = private;
			sourceTree = "<group>";
		};
		94105BE82DA9267600DC9612 /* rootCA */ = {
			isa = PBXGroup;
			children = (
				94105BDD2DA9267600DC9612 /* certs */,
				94105BDF2DA9267600DC9612 /* newcerts */,
				94105BE12DA9267600DC9612 /* private */,
				94105BE22DA9267600DC9612 /* index.txt */,
				94105BE32DA9267600DC9612 /* index.txt.attr */,
				94105BE42DA9267600DC9612 /* index.txt.old */,
				94105BE52DA9267600DC9612 /* openssl.cnf */,
				94105BE62DA9267600DC9612 /* serial */,
				94105BE72DA9267600DC9612 /* serial.old */,
			);
			path = rootCA;
			sourceTree = "<group>";
		};
		94105BEC2DA9267600DC9612 /* server */ = {
			isa = PBXGroup;
			children = (
				94105BE92DA9267600DC9612 /* server.crt */,
				94105BEA2DA9267600DC9612 /* server.csr */,
				94105BEB2DA9267600DC9612 /* server.key */,
			);
			path = server;
			sourceTree = "<group>";
		};
		94105BED2DA9267600DC9612 /* certs */ = {
			isa = PBXGroup;
			children = (
				94105BE82DA9267600DC9612 /* rootCA */,
				94105BEC2DA9267600DC9612 /* server */,
			);
			path = certs;
			sourceTree = "<group>";
		};
		94105BF22DA9267600DC9612 /* MockServer */ = {
			isa = PBXGroup;
			children = (
				94105BED2DA9267600DC9612 /* certs */,
				94105BEE2DA9267600DC9612 /* README.md */,
				94105BEF2DA9267600DC9612 /* requirements.txt */,
				94105BF02DA9267600DC9612 /* server.py */,
				94105BF12DA9267600DC9612 /* server_controller.py */,
			);
			path = MockServer;
			sourceTree = "<group>";
		};
		94E6740B2E5B745B005FE92E /* EMASLocalProxyTests */ = {
			isa = PBXGroup;
			children = (
				94E674142E5C35E5005FE92E /* EMASLocalProxyTestConstants.h */,
				94E674132E5C35E5005FE92E /* EMASLocalHttpProxyHalfCloseTest.m */,
				94E674112E5C35D8005FE92E /* EMASLocalHttpProxyUploadTest.m */,
				94E674A12E5FE034005FE92E /* EMASLocalHttpProxyConnectionReuseTest.m */,
			);
			path = EMASLocalProxyTests;
			sourceTree = "<group>";
		};
		94F8065B2E52444B00B6FE7A /* EMASLocalProxy */ = {
			isa = PBXGroup;
			children = (
				94F806882E52B6E300B6FE7A /* EMASLocalProxy.h */,
				94F8069F2E52C26100B6FE7A /* EMASLocalHttpProxy.m */,
				94F8069E2E52C26100B6FE7A /* EMASLocalHttpProxy.h */,
			);
			path = EMASLocalProxy;
			sourceTree = "<group>";
		};
		F020AA635FEA508BFC2214FC /* Pods */ = {
			isa = PBXGroup;
			children = (
				73E15D7538E496E0EFD4FD8E /* Pods-EMASCurlDemo.debug.xcconfig */,
				A5A30212360843BC1B87256D /* Pods-EMASCurlDemo.release.xcconfig */,
			);
			path = Pods;
			sourceTree = "<group>";
		};
/* End PBXGroup section */

/* Begin PBXHeadersBuildPhase section */
		6F3F5FD52CD0DB200014025B /* Headers */ = {
			isa = PBXHeadersBuildPhase;
			buildActionMask = 2147483647;
			files = (
				94E674A72E621E1B005FE92E /* EMASCurlConfigurationManager.h in Headers */,
				94E674A82E621E1B005FE92E /* EMASCurlConfiguration.h in Headers */,
				949788D92D4FAA0D0042BE44 /* EMASCurlCookieStorage.h in Headers */,
				6F3F60232CD0E07F0014025B /* EMASCurl.h in Headers */,
				944708112DE01D5800856898 /* EMASCurlLogger.h in Headers */,
				941470C02DD1A9680072507F /* NSCachedURLResponse+EMASCurl.h in Headers */,
				941470C12DD1A9680072507F /* EMASCurlResponseCache.h in Headers */,
				941470C22DD1A9680072507F /* EMASCurlCacheConstants.h in Headers */,
				6F3F60242CD0E07F0014025B /* EMASCurlProtocol.h in Headers */,
				94C5B5DA2D071D86006BC856 /* EMASCurlManager.h in Headers */,
				94F3D05C2EB3D3F80039304A /* EMASCurlProxySetting.h in Headers */,
			);
			runOnlyForDeploymentPostprocessing = 0;
		};
		94F806812E52B6E300B6FE7A /* Headers */ = {
			isa = PBXHeadersBuildPhase;
			buildActionMask = 2147483647;
			files = (
				94F806892E52B6E300B6FE7A /* EMASLocalProxy.h in Headers */,
				94F806A12E52C26100B6FE7A /* EMASLocalHttpProxy.h in Headers */,
			);
			runOnlyForDeploymentPostprocessing = 0;
		};
/* End PBXHeadersBuildPhase section */

/* Begin PBXNativeTarget section */
		6F3F5FD92CD0DB200014025B /* EMASCurl */ = {
			isa = PBXNativeTarget;
			buildConfigurationList = 6F3F5FE02CD0DB200014025B /* Build configuration list for PBXNativeTarget "EMASCurl" */;
			buildPhases = (
				6F3F5FD52CD0DB200014025B /* Headers */,
				6F3F5FD62CD0DB200014025B /* Sources */,
				6F3F5FD72CD0DB200014025B /* Frameworks */,
				6F3F5FD82CD0DB200014025B /* Resources */,
			);
			buildRules = (
			);
			dependencies = (
			);
			name = EMASCurl;
			productName = EMASCurl;
			productReference = 6F3F5FDA2CD0DB200014025B /* EMASCurl.framework */;
			productType = "com.apple.product-type.framework";
		};
		6F3F5FE82CD0DB520014025B /* EMASCurlTests */ = {
			isa = PBXNativeTarget;
			buildConfigurationList = 6F3F5FF02CD0DB520014025B /* Build configuration list for PBXNativeTarget "EMASCurlTests" */;
			buildPhases = (
				6F3F5FE52CD0DB520014025B /* Sources */,
				6F3F5FE62CD0DB520014025B /* Frameworks */,
				6F3F5FE72CD0DB520014025B /* Resources */,
			);
			buildRules = (
			);
			dependencies = (
				94E674B12E62B82F005FE92E /* PBXTargetDependency */,
				6F3F5FEF2CD0DB520014025B /* PBXTargetDependency */,
			);
			name = EMASCurlTests;
			productName = EMASCurlTests;
			productReference = 6F3F5FE92CD0DB520014025B /* EMASCurlTests.xctest */;
			productType = "com.apple.product-type.bundle.unit-test";
		};
		6F3F5FF62CD0DB6E0014025B /* EMASCurlDemo */ = {
			isa = PBXNativeTarget;
			buildConfigurationList = 6F3F600E2CD0DB6F0014025B /* Build configuration list for PBXNativeTarget "EMASCurlDemo" */;
			buildPhases = (
				E47199EE6DAF4B10E966261D /* [CP] Check Pods Manifest.lock */,
				6F3F5FF32CD0DB6E0014025B /* Sources */,
				6F3F5FF42CD0DB6E0014025B /* Frameworks */,
				6F3F5FF52CD0DB6E0014025B /* Resources */,
				B6104D0899E0506A8BDD5047 /* [CP] Embed Pods Frameworks */,
				9497905C2D580AF60042BE44 /* Embed Frameworks */,
			);
			buildRules = (
			);
			dependencies = (
			);
			name = EMASCurlDemo;
			productName = EMASCurlDemo;
			productReference = 6F3F5FF72CD0DB6E0014025B /* EMASCurlDemo.app */;
			productType = "com.apple.product-type.application";
		};
		94F806852E52B6E300B6FE7A /* EMASLocalProxy */ = {
			isa = PBXNativeTarget;
			buildConfigurationList = 94F8068F2E52B6E300B6FE7A /* Build configuration list for PBXNativeTarget "EMASLocalProxy" */;
			buildPhases = (
				94F806812E52B6E300B6FE7A /* Headers */,
				94F806822E52B6E300B6FE7A /* Sources */,
				94F806832E52B6E300B6FE7A /* Frameworks */,
				94F806842E52B6E300B6FE7A /* Resources */,
			);
			buildRules = (
			);
			dependencies = (
			);
			name = EMASLocalProxy;
			productName = EMASLocalProxy;
			productReference = 94F806862E52B6E300B6FE7A /* EMASLocalProxy.framework */;
			productType = "com.apple.product-type.framework";
		};
/* End PBXNativeTarget section */

/* Begin PBXProject section */
		6F3F5FD12CD0DB200014025B /* Project object */ = {
			isa = PBXProject;
			attributes = {
				BuildIndependentTargetsInParallel = 1;
				LastUpgradeCheck = 1600;
				TargetAttributes = {
					6F3F5FD92CD0DB200014025B = {
						CreatedOnToolsVersion = 16.0;
					};
					6F3F5FE82CD0DB520014025B = {
						CreatedOnToolsVersion = 16.0;
					};
					6F3F5FF62CD0DB6E0014025B = {
						CreatedOnToolsVersion = 16.0;
					};
					94F806852E52B6E300B6FE7A = {
						CreatedOnToolsVersion = 16.2;
					};
				};
			};
			buildConfigurationList = 6F3F5FD42CD0DB200014025B /* Build configuration list for PBXProject "EMASCurl" */;
			developmentRegion = en;
			hasScannedForEncodings = 0;
			knownRegions = (
				en,
				Base,
			);
			mainGroup = 6F3F5FD02CD0DB200014025B;
			minimizedProjectReferenceProxies = 1;
			preferredProjectObjectVersion = 77;
			productRefGroup = 6F3F5FDB2CD0DB200014025B /* Products */;
			projectDirPath = "";
			projectRoot = "";
			targets = (
				6F3F5FD92CD0DB200014025B /* EMASCurl */,
				94F806852E52B6E300B6FE7A /* EMASLocalProxy */,
				6F3F5FE82CD0DB520014025B /* EMASCurlTests */,
				6F3F5FF62CD0DB6E0014025B /* EMASCurlDemo */,
			);
		};
/* End PBXProject section */

/* Begin PBXResourcesBuildPhase section */
		6F3F5FD82CD0DB200014025B /* Resources */ = {
			isa = PBXResourcesBuildPhase;
			buildActionMask = 2147483647;
			files = (
			);
			runOnlyForDeploymentPostprocessing = 0;
		};
		6F3F5FE72CD0DB520014025B /* Resources */ = {
			isa = PBXResourcesBuildPhase;
			buildActionMask = 2147483647;
			files = (
				94105BF32DA9267600DC9612 /* ca.crt in Resources */,
				94105C012DA9267600DC9612 /* server.py in Resources */,
			);
			runOnlyForDeploymentPostprocessing = 0;
		};
		6F3F5FF52CD0DB6E0014025B /* Resources */ = {
			isa = PBXResourcesBuildPhase;
			buildActionMask = 2147483647;
			files = (
				6F3F603B2CD0E0890014025B /* Assets.xcassets in Resources */,
				6F3F603D2CD0E0890014025B /* LaunchScreen.storyboard in Resources */,
				6F3F603E2CD0E0890014025B /* Main.storyboard in Resources */,
			);
			runOnlyForDeploymentPostprocessing = 0;
		};
		94F806842E52B6E300B6FE7A /* Resources */ = {
			isa = PBXResourcesBuildPhase;
			buildActionMask = 2147483647;
			files = (
			);
			runOnlyForDeploymentPostprocessing = 0;
		};
/* End PBXResourcesBuildPhase section */

/* Begin PBXShellScriptBuildPhase section */
		B6104D0899E0506A8BDD5047 /* [CP] Embed Pods Frameworks */ = {
			isa = PBXShellScriptBuildPhase;
			buildActionMask = 2147483647;
			files = (
			);
			inputFileListPaths = (
				"${PODS_ROOT}/Target Support Files/Pods-EMASCurlDemo/Pods-EMASCurlDemo-frameworks-${CONFIGURATION}-input-files.xcfilelist",
			);
			name = "[CP] Embed Pods Frameworks";
			outputFileListPaths = (
				"${PODS_ROOT}/Target Support Files/Pods-EMASCurlDemo/Pods-EMASCurlDemo-frameworks-${CONFIGURATION}-output-files.xcfilelist",
			);
			runOnlyForDeploymentPostprocessing = 0;
			shellPath = /bin/sh;
			shellScript = "\"${PODS_ROOT}/Target Support Files/Pods-EMASCurlDemo/Pods-EMASCurlDemo-frameworks.sh\"\n";
			showEnvVarsInLog = 0;
		};
		E47199EE6DAF4B10E966261D /* [CP] Check Pods Manifest.lock */ = {
			isa = PBXShellScriptBuildPhase;
			buildActionMask = 2147483647;
			files = (
			);
			inputFileListPaths = (
			);
			inputPaths = (
				"${PODS_PODFILE_DIR_PATH}/Podfile.lock",
				"${PODS_ROOT}/Manifest.lock",
			);
			name = "[CP] Check Pods Manifest.lock";
			outputFileListPaths = (
			);
			outputPaths = (
				"$(DERIVED_FILE_DIR)/Pods-EMASCurlDemo-checkManifestLockResult.txt",
			);
			runOnlyForDeploymentPostprocessing = 0;
			shellPath = /bin/sh;
			shellScript = "diff \"${PODS_PODFILE_DIR_PATH}/Podfile.lock\" \"${PODS_ROOT}/Manifest.lock\" > /dev/null\nif [ $? != 0 ] ; then\n    # print error to STDERR\n    echo \"error: The sandbox is not in sync with the Podfile.lock. Run 'pod install' or update your CocoaPods installation.\" >&2\n    exit 1\nfi\n# This output is used by Xcode 'outputs' to avoid re-running this script phase.\necho \"SUCCESS\" > \"${SCRIPT_OUTPUT_FILE_0}\"\n";
			showEnvVarsInLog = 0;
		};
/* End PBXShellScriptBuildPhase section */

/* Begin PBXSourcesBuildPhase section */
		6F3F5FD62CD0DB200014025B /* Sources */ = {
			isa = PBXSourcesBuildPhase;
			buildActionMask = 2147483647;
			files = (
				949788D82D4FAA0D0042BE44 /* EMASCurlCookieStorage.m in Sources */,
				95A1B2C32E8A000100000003 /* EMASCurlProxySetting.m in Sources */,
				6F3F60252CD0E07F0014025B /* EMASCurlProtocol.m in Sources */,
				94C5B5DB2D071D86006BC856 /* EMASCurlManager.m in Sources */,
				941470C42DD1A9680072507F /* NSCachedURLResponse+EMASCurl.m in Sources */,
				94E674A92E621E1B005FE92E /* EMASCurlConfiguration.m in Sources */,
				94E674AA2E621E1B005FE92E /* EMASCurlConfigurationManager.m in Sources */,
				941470C62DD1A9680072507F /* EMASCurlResponseCache.m in Sources */,
				944708122DE01D5800856898 /* EMASCurlLogger.m in Sources */,
			);
			runOnlyForDeploymentPostprocessing = 0;
		};
		6F3F5FE52CD0DB520014025B /* Sources */ = {
			isa = PBXSourcesBuildPhase;
			buildActionMask = 2147483647;
			files = (
				94E674AD2E62B4D3005FE92E /* EMASCurlMultiInstanceTest.m in Sources */,
				946DB1AC2EA7F34900DC89E2 /* EMASCurlProtocolEarlyFailTest.m in Sources */,
				94E674AE2E62B4D3005FE92E /* EMASCurlConfigurationTest.m in Sources */,
				949539172D1020B7001FE850 /* EMASCurlUploadTest.m in Sources */,
				94E674122E5C35D8005FE92E /* EMASLocalHttpProxyUploadTest.m in Sources */,
				94E674A22E5FE034005FE92E /* EMASLocalHttpProxyConnectionReuseTest.m in Sources */,
				949538D82D0F372B001FE850 /* EMASCurlDownloadTest.m in Sources */,
				946DB1A82EA7EACE00DC89E2 /* EMASCurlCacheTest.m in Sources */,
				949789052D4FE2DB0042BE44 /* EMASCurlCookieTest.m in Sources */,
				942FF3822E16235C005C70B2 /* EMASCurlConcurrencyTest.m in Sources */,
				9495391B2D1194DD001FE850 /* EMASCurlDNSResolverTest.m in Sources */,
				94E674152E5C35E5005FE92E /* EMASLocalHttpProxyHalfCloseTest.m in Sources */,
				94953A972D1BEBE8001FE850 /* EMASCurlTimeoutTest.m in Sources */,
				94C877EE2EDBF6B5002CC896 /* EMASCurlCancellationTest.m in Sources */,
				94C877EF2EDBF6B5002CC896 /* EMASCurlRedirectTest.m in Sources */,
				94C877F02EDBF6B5002CC896 /* EMASCurlSSLValidationTest.m in Sources */,
				94C877F12EDBF6B5002CC896 /* EMASCurlDomainFilterTest.m in Sources */,
				949539152D0FC531001FE850 /* EMASCurlSimpleTest.m in Sources */,
				946DB1AA2EA7F33900DC89E2 /* EMASCurlProtocolThreadingTest.m in Sources */,
				94C878082EE6EBEE002CC896 /* EMASCurlPathFilterTest.m in Sources */,
				949539192D116EB8001FE850 /* EMASCurlMetricObserverTest.m in Sources */,
			);
			runOnlyForDeploymentPostprocessing = 0;
		};
		6F3F5FF32CD0DB6E0014025B /* Sources */ = {
			isa = PBXSourcesBuildPhase;
			buildActionMask = 2147483647;
			files = (
				9492D6A82D30226200008A84 /* RequestDemoController.m in Sources */,
				9492D6A92D30226200008A84 /* WkWebViewDemoController.m in Sources */,
				6F3F60372CD0E0890014025B /* AppDelegate.m in Sources */,
				94F806C22E53141100B6FE7A /* LocalProxyDemoController.m in Sources */,
				94F3D04D2EB361AA0039304A /* LogViewerController.m in Sources */,
				94F3D04E2EB361AA0039304A /* LogManager.m in Sources */,
				6F3F60382CD0E0890014025B /* main.m in Sources */,
				6F3F60392CD0E0890014025B /* SceneDelegate.m in Sources */,
				6F3F603A2CD0E0890014025B /* ViewController.m in Sources */,
			);
			runOnlyForDeploymentPostprocessing = 0;
		};
		94F806822E52B6E300B6FE7A /* Sources */ = {
			isa = PBXSourcesBuildPhase;
			buildActionMask = 2147483647;
			files = (
				94F806A02E52C26100B6FE7A /* EMASLocalHttpProxy.m in Sources */,
			);
			runOnlyForDeploymentPostprocessing = 0;
		};
/* End PBXSourcesBuildPhase section */

/* Begin PBXTargetDependency section */
		6F3F5FEF2CD0DB520014025B /* PBXTargetDependency */ = {
			isa = PBXTargetDependency;
			target = 6F3F5FD92CD0DB200014025B /* EMASCurl */;
			targetProxy = 6F3F5FEE2CD0DB520014025B /* PBXContainerItemProxy */;
		};
		94E674B12E62B82F005FE92E /* PBXTargetDependency */ = {
			isa = PBXTargetDependency;
			target = 94F806852E52B6E300B6FE7A /* EMASLocalProxy */;
			targetProxy = 94E674B02E62B82F005FE92E /* PBXContainerItemProxy */;
		};
/* End PBXTargetDependency section */

/* Begin PBXVariantGroup section */
		6F3F602E2CD0E0890014025B /* LaunchScreen.storyboard */ = {
			isa = PBXVariantGroup;
			children = (
				6F3F602D2CD0E0890014025B /* Base */,
			);
			name = LaunchScreen.storyboard;
			sourceTree = "<group>";
		};
		6F3F60312CD0E0890014025B /* Main.storyboard */ = {
			isa = PBXVariantGroup;
			children = (
				6F3F60302CD0E0890014025B /* Base */,
			);
			name = Main.storyboard;
			sourceTree = "<group>";
		};
/* End PBXVariantGroup section */

/* Begin XCBuildConfiguration section */
		6F3F5FE12CD0DB200014025B /* Debug */ = {
			isa = XCBuildConfiguration;
			buildSettings = {
				CODE_SIGN_STYLE = Automatic;
				CURRENT_PROJECT_VERSION = 1;
				DEFINES_MODULE = YES;
				DYLIB_COMPATIBILITY_VERSION = 1;
				DYLIB_CURRENT_VERSION = 1;
				DYLIB_INSTALL_NAME_BASE = "@rpath";
				ENABLE_MODULE_VERIFIER = NO;
				GENERATE_INFOPLIST_FILE = YES;
				INFOPLIST_KEY_NSHumanReadableCopyright = "";
				INSTALL_PATH = "$(LOCAL_LIBRARY_DIR)/Frameworks";
				IPHONEOS_DEPLOYMENT_TARGET = 12.0;
				LD_RUNPATH_SEARCH_PATHS = (
					"$(inherited)",
					"@executable_path/Frameworks",
					"@loader_path/Frameworks",
				);
				MACH_O_TYPE = mh_dylib;
				MARKETING_VERSION = 1.0;
				MODULE_VERIFIER_SUPPORTED_LANGUAGES = "objective-c objective-c++";
				MODULE_VERIFIER_SUPPORTED_LANGUAGE_STANDARDS = "gnu17 gnu++20";
				OTHER_LDFLAGS = (
					"$(inherited)",
					"-lz",
					"-ObjC",
				);
				PRODUCT_BUNDLE_IDENTIFIER = com.alicloud.emas.EMASCurl;
				PRODUCT_NAME = "$(TARGET_NAME:c99extidentifier)";
				SKIP_INSTALL = YES;
				SWIFT_EMIT_LOC_STRINGS = YES;
				TARGETED_DEVICE_FAMILY = "1,2";
			};
			name = Debug;
		};
		6F3F5FE22CD0DB200014025B /* Release */ = {
			isa = XCBuildConfiguration;
			buildSettings = {
				CODE_SIGN_STYLE = Automatic;
				CURRENT_PROJECT_VERSION = 1;
				DEFINES_MODULE = YES;
				DYLIB_COMPATIBILITY_VERSION = 1;
				DYLIB_CURRENT_VERSION = 1;
				DYLIB_INSTALL_NAME_BASE = "@rpath";
				ENABLE_MODULE_VERIFIER = NO;
				GENERATE_INFOPLIST_FILE = YES;
				INFOPLIST_KEY_NSHumanReadableCopyright = "";
				INSTALL_PATH = "$(LOCAL_LIBRARY_DIR)/Frameworks";
				IPHONEOS_DEPLOYMENT_TARGET = 12.0;
				LD_RUNPATH_SEARCH_PATHS = (
					"$(inherited)",
					"@executable_path/Frameworks",
					"@loader_path/Frameworks",
				);
				MACH_O_TYPE = mh_dylib;
				MARKETING_VERSION = 1.0;
				MODULE_VERIFIER_SUPPORTED_LANGUAGES = "objective-c objective-c++";
				MODULE_VERIFIER_SUPPORTED_LANGUAGE_STANDARDS = "gnu17 gnu++20";
				OTHER_LDFLAGS = (
					"$(inherited)",
					"-lz",
					"-ObjC",
				);
				PRODUCT_BUNDLE_IDENTIFIER = com.alicloud.emas.EMASCurl;
				PRODUCT_NAME = "$(TARGET_NAME:c99extidentifier)";
				SKIP_INSTALL = YES;
				SWIFT_EMIT_LOC_STRINGS = YES;
				TARGETED_DEVICE_FAMILY = "1,2";
			};
			name = Release;
		};
		6F3F5FE32CD0DB200014025B /* Debug */ = {
			isa = XCBuildConfiguration;
			buildSettings = {
				ALWAYS_SEARCH_USER_PATHS = NO;
				ASSETCATALOG_COMPILER_GENERATE_SWIFT_ASSET_SYMBOL_EXTENSIONS = YES;
				CLANG_ANALYZER_NONNULL = YES;
				CLANG_ANALYZER_NUMBER_OBJECT_CONVERSION = YES_AGGRESSIVE;
				CLANG_CXX_LANGUAGE_STANDARD = "gnu++20";
				CLANG_ENABLE_MODULES = YES;
				CLANG_ENABLE_OBJC_ARC = YES;
				CLANG_ENABLE_OBJC_WEAK = YES;
				CLANG_WARN_BLOCK_CAPTURE_AUTORELEASING = YES;
				CLANG_WARN_BOOL_CONVERSION = YES;
				CLANG_WARN_COMMA = YES;
				CLANG_WARN_CONSTANT_CONVERSION = YES;
				CLANG_WARN_DEPRECATED_OBJC_IMPLEMENTATIONS = YES;
				CLANG_WARN_DIRECT_OBJC_ISA_USAGE = YES_ERROR;
				CLANG_WARN_DOCUMENTATION_COMMENTS = YES;
				CLANG_WARN_EMPTY_BODY = YES;
				CLANG_WARN_ENUM_CONVERSION = YES;
				CLANG_WARN_INFINITE_RECURSION = YES;
				CLANG_WARN_INT_CONVERSION = YES;
				CLANG_WARN_NON_LITERAL_NULL_CONVERSION = YES;
				CLANG_WARN_OBJC_IMPLICIT_RETAIN_SELF = YES;
				CLANG_WARN_OBJC_LITERAL_CONVERSION = YES;
				CLANG_WARN_OBJC_ROOT_CLASS = YES_ERROR;
				CLANG_WARN_QUOTED_INCLUDE_IN_FRAMEWORK_HEADER = YES;
				CLANG_WARN_RANGE_LOOP_ANALYSIS = YES;
				CLANG_WARN_STRICT_PROTOTYPES = YES;
				CLANG_WARN_SUSPICIOUS_MOVE = YES;
				CLANG_WARN_UNGUARDED_AVAILABILITY = YES_AGGRESSIVE;
				CLANG_WARN_UNREACHABLE_CODE = YES;
				CLANG_WARN__DUPLICATE_METHOD_MATCH = YES;
				COPY_PHASE_STRIP = NO;
				CURRENT_PROJECT_VERSION = 1;
				DEBUG_INFORMATION_FORMAT = dwarf;
				ENABLE_STRICT_OBJC_MSGSEND = YES;
				ENABLE_TESTABILITY = YES;
				ENABLE_USER_SCRIPT_SANDBOXING = YES;
				GCC_C_LANGUAGE_STANDARD = gnu17;
				GCC_DYNAMIC_NO_PIC = NO;
				GCC_NO_COMMON_BLOCKS = YES;
				GCC_OPTIMIZATION_LEVEL = 0;
				GCC_PREPROCESSOR_DEFINITIONS = (
					"DEBUG=1",
					"$(inherited)",
				);
				GCC_WARN_64_TO_32_BIT_CONVERSION = YES;
				GCC_WARN_ABOUT_RETURN_TYPE = YES_ERROR;
				GCC_WARN_UNDECLARED_SELECTOR = YES;
				GCC_WARN_UNINITIALIZED_AUTOS = YES_AGGRESSIVE;
				GCC_WARN_UNUSED_FUNCTION = YES;
				GCC_WARN_UNUSED_VARIABLE = YES;
				IPHONEOS_DEPLOYMENT_TARGET = 10.0;
				LOCALIZATION_PREFERS_STRING_CATALOGS = YES;
				MTL_ENABLE_DEBUG_INFO = INCLUDE_SOURCE;
				MTL_FAST_MATH = YES;
				ONLY_ACTIVE_ARCH = YES;
				SDKROOT = iphoneos;
				VERSIONING_SYSTEM = "apple-generic";
				VERSION_INFO_PREFIX = "";
			};
			name = Debug;
		};
		6F3F5FE42CD0DB200014025B /* Release */ = {
			isa = XCBuildConfiguration;
			buildSettings = {
				ALWAYS_SEARCH_USER_PATHS = NO;
				ASSETCATALOG_COMPILER_GENERATE_SWIFT_ASSET_SYMBOL_EXTENSIONS = YES;
				CLANG_ANALYZER_NONNULL = YES;
				CLANG_ANALYZER_NUMBER_OBJECT_CONVERSION = YES_AGGRESSIVE;
				CLANG_CXX_LANGUAGE_STANDARD = "gnu++20";
				CLANG_ENABLE_MODULES = YES;
				CLANG_ENABLE_OBJC_ARC = YES;
				CLANG_ENABLE_OBJC_WEAK = YES;
				CLANG_WARN_BLOCK_CAPTURE_AUTORELEASING = YES;
				CLANG_WARN_BOOL_CONVERSION = YES;
				CLANG_WARN_COMMA = YES;
				CLANG_WARN_CONSTANT_CONVERSION = YES;
				CLANG_WARN_DEPRECATED_OBJC_IMPLEMENTATIONS = YES;
				CLANG_WARN_DIRECT_OBJC_ISA_USAGE = YES_ERROR;
				CLANG_WARN_DOCUMENTATION_COMMENTS = YES;
				CLANG_WARN_EMPTY_BODY = YES;
				CLANG_WARN_ENUM_CONVERSION = YES;
				CLANG_WARN_INFINITE_RECURSION = YES;
				CLANG_WARN_INT_CONVERSION = YES;
				CLANG_WARN_NON_LITERAL_NULL_CONVERSION = YES;
				CLANG_WARN_OBJC_IMPLICIT_RETAIN_SELF = YES;
				CLANG_WARN_OBJC_LITERAL_CONVERSION = YES;
				CLANG_WARN_OBJC_ROOT_CLASS = YES_ERROR;
				CLANG_WARN_QUOTED_INCLUDE_IN_FRAMEWORK_HEADER = YES;
				CLANG_WARN_RANGE_LOOP_ANALYSIS = YES;
				CLANG_WARN_STRICT_PROTOTYPES = YES;
				CLANG_WARN_SUSPICIOUS_MOVE = YES;
				CLANG_WARN_UNGUARDED_AVAILABILITY = YES_AGGRESSIVE;
				CLANG_WARN_UNREACHABLE_CODE = YES;
				CLANG_WARN__DUPLICATE_METHOD_MATCH = YES;
				COPY_PHASE_STRIP = NO;
				CURRENT_PROJECT_VERSION = 1;
				DEBUG_INFORMATION_FORMAT = "dwarf-with-dsym";
				ENABLE_NS_ASSERTIONS = NO;
				ENABLE_STRICT_OBJC_MSGSEND = YES;
				ENABLE_USER_SCRIPT_SANDBOXING = YES;
				GCC_C_LANGUAGE_STANDARD = gnu17;
				GCC_NO_COMMON_BLOCKS = YES;
				GCC_WARN_64_TO_32_BIT_CONVERSION = YES;
				GCC_WARN_ABOUT_RETURN_TYPE = YES_ERROR;
				GCC_WARN_UNDECLARED_SELECTOR = YES;
				GCC_WARN_UNINITIALIZED_AUTOS = YES_AGGRESSIVE;
				GCC_WARN_UNUSED_FUNCTION = YES;
				GCC_WARN_UNUSED_VARIABLE = YES;
				IPHONEOS_DEPLOYMENT_TARGET = 10.0;
				LOCALIZATION_PREFERS_STRING_CATALOGS = YES;
				MTL_ENABLE_DEBUG_INFO = NO;
				MTL_FAST_MATH = YES;
				SDKROOT = iphoneos;
				VALIDATE_PRODUCT = YES;
				VERSIONING_SYSTEM = "apple-generic";
				VERSION_INFO_PREFIX = "";
			};
			name = Release;
		};
		6F3F5FF12CD0DB520014025B /* Debug */ = {
			isa = XCBuildConfiguration;
			buildSettings = {
				CODE_SIGN_STYLE = Automatic;
				CURRENT_PROJECT_VERSION = 1;
				GENERATE_INFOPLIST_FILE = YES;
				IPHONEOS_DEPLOYMENT_TARGET = 11.0;
				MARKETING_VERSION = 1.0;
				OTHER_LDFLAGS = (
					"$(inherited)",
					"-ObjC",
					"-l\"z\"",
					"-framework",
					"\"CFNetwork\"",
					"-framework",
					"\"MobileCoreServices\"",
					"-lc++",
				);
				PRODUCT_BUNDLE_IDENTIFIER = com.aliyun.emas.EMASCurlTests;
				PRODUCT_NAME = "$(TARGET_NAME)";
				SWIFT_EMIT_LOC_STRINGS = NO;
				TARGETED_DEVICE_FAMILY = "1,2";
			};
			name = Debug;
		};
		6F3F5FF22CD0DB520014025B /* Release */ = {
			isa = XCBuildConfiguration;
			buildSettings = {
				CODE_SIGN_STYLE = Automatic;
				CURRENT_PROJECT_VERSION = 1;
				GENERATE_INFOPLIST_FILE = YES;
				IPHONEOS_DEPLOYMENT_TARGET = 11.0;
				MARKETING_VERSION = 1.0;
				OTHER_LDFLAGS = (
					"$(inherited)",
					"-ObjC",
					"-l\"z\"",
					"-framework",
					"\"CFNetwork\"",
					"-framework",
					"\"MobileCoreServices\"",
					"-lc++",
				);
				PRODUCT_BUNDLE_IDENTIFIER = com.aliyun.emas.EMASCurlTests;
				PRODUCT_NAME = "$(TARGET_NAME)";
				SWIFT_EMIT_LOC_STRINGS = NO;
				TARGETED_DEVICE_FAMILY = "1,2";
			};
			name = Release;
		};
		6F3F600F2CD0DB6F0014025B /* Debug */ = {
			isa = XCBuildConfiguration;
			baseConfigurationReference = 73E15D7538E496E0EFD4FD8E /* Pods-EMASCurlDemo.debug.xcconfig */;
			buildSettings = {
				ASSETCATALOG_COMPILER_APPICON_NAME = AppIcon;
				ASSETCATALOG_COMPILER_GLOBAL_ACCENT_COLOR_NAME = AccentColor;
				CODE_SIGN_STYLE = Automatic;
				CURRENT_PROJECT_VERSION = 1;
				DEVELOPMENT_TEAM = VSW2PKYTD7;
				ENABLE_USER_SCRIPT_SANDBOXING = NO;
				GENERATE_INFOPLIST_FILE = YES;
				INFOPLIST_FILE = EMASCurlDemo/Info.plist;
				INFOPLIST_KEY_UIApplicationSupportsIndirectInputEvents = YES;
				INFOPLIST_KEY_UILaunchStoryboardName = LaunchScreen;
				INFOPLIST_KEY_UIMainStoryboardFile = Main;
				INFOPLIST_KEY_UISupportedInterfaceOrientations_iPad = "UIInterfaceOrientationPortrait UIInterfaceOrientationPortraitUpsideDown UIInterfaceOrientationLandscapeLeft UIInterfaceOrientationLandscapeRight";
				INFOPLIST_KEY_UISupportedInterfaceOrientations_iPhone = "UIInterfaceOrientationPortrait UIInterfaceOrientationLandscapeLeft UIInterfaceOrientationLandscapeRight";
				IPHONEOS_DEPLOYMENT_TARGET = 13.0;
				LD_RUNPATH_SEARCH_PATHS = (
					"$(inherited)",
					"@executable_path/Frameworks",
				);
				MARKETING_VERSION = 1.0;
				OTHER_LDFLAGS = (
					"$(inherited)",
					"-lc++",
					"-lz",
				);
				PRODUCT_BUNDLE_IDENTIFIER = com.aliyun.emas.EMASCurlDemo;
				PRODUCT_NAME = "$(TARGET_NAME)";
				SWIFT_EMIT_LOC_STRINGS = YES;
				TARGETED_DEVICE_FAMILY = "1,2";
			};
			name = Debug;
		};
		6F3F60102CD0DB6F0014025B /* Release */ = {
			isa = XCBuildConfiguration;
			baseConfigurationReference = A5A30212360843BC1B87256D /* Pods-EMASCurlDemo.release.xcconfig */;
			buildSettings = {
				ASSETCATALOG_COMPILER_APPICON_NAME = AppIcon;
				ASSETCATALOG_COMPILER_GLOBAL_ACCENT_COLOR_NAME = AccentColor;
				CODE_SIGN_STYLE = Automatic;
				CURRENT_PROJECT_VERSION = 1;
				DEVELOPMENT_TEAM = VSW2PKYTD7;
				ENABLE_USER_SCRIPT_SANDBOXING = NO;
				GENERATE_INFOPLIST_FILE = YES;
				INFOPLIST_FILE = EMASCurlDemo/Info.plist;
				INFOPLIST_KEY_UIApplicationSupportsIndirectInputEvents = YES;
				INFOPLIST_KEY_UILaunchStoryboardName = LaunchScreen;
				INFOPLIST_KEY_UIMainStoryboardFile = Main;
				INFOPLIST_KEY_UISupportedInterfaceOrientations_iPad = "UIInterfaceOrientationPortrait UIInterfaceOrientationPortraitUpsideDown UIInterfaceOrientationLandscapeLeft UIInterfaceOrientationLandscapeRight";
				INFOPLIST_KEY_UISupportedInterfaceOrientations_iPhone = "UIInterfaceOrientationPortrait UIInterfaceOrientationLandscapeLeft UIInterfaceOrientationLandscapeRight";
				IPHONEOS_DEPLOYMENT_TARGET = 13.0;
				LD_RUNPATH_SEARCH_PATHS = (
					"$(inherited)",
					"@executable_path/Frameworks",
				);
				MARKETING_VERSION = 1.0;
				OTHER_LDFLAGS = (
					"$(inherited)",
					"-lc++",
					"-lz",
				);
				PRODUCT_BUNDLE_IDENTIFIER = com.aliyun.emas.EMASCurlDemo;
				PRODUCT_NAME = "$(TARGET_NAME)";
				SWIFT_EMIT_LOC_STRINGS = YES;
				TARGETED_DEVICE_FAMILY = "1,2";
			};
			name = Release;
		};
		94F806902E52B6E300B6FE7A /* Debug */ = {
			isa = XCBuildConfiguration;
			buildSettings = {
				CODE_SIGN_STYLE = Automatic;
				CURRENT_PROJECT_VERSION = 1;
				DEFINES_MODULE = YES;
				DEVELOPMENT_TEAM = VSW2PKYTD7;
				DYLIB_COMPATIBILITY_VERSION = 1;
				DYLIB_CURRENT_VERSION = 1;
				DYLIB_INSTALL_NAME_BASE = "@rpath";
				ENABLE_MODULE_VERIFIER = YES;
				GENERATE_INFOPLIST_FILE = YES;
				INFOPLIST_KEY_NSHumanReadableCopyright = "";
				INSTALL_PATH = "$(LOCAL_LIBRARY_DIR)/Frameworks";
				IPHONEOS_DEPLOYMENT_TARGET = 12.0;
				LD_RUNPATH_SEARCH_PATHS = (
					"$(inherited)",
					"@executable_path/Frameworks",
					"@loader_path/Frameworks",
				);
				MARKETING_VERSION = 1.0;
				MODULE_VERIFIER_SUPPORTED_LANGUAGES = "objective-c objective-c++";
				MODULE_VERIFIER_SUPPORTED_LANGUAGE_STANDARDS = "gnu17 gnu++20";
				PRODUCT_BUNDLE_IDENTIFIER = com.alicloud.emascurl.EMASLocalProxy.EMASLocalProxy;
				PRODUCT_NAME = "$(TARGET_NAME:c99extidentifier)";
				SKIP_INSTALL = YES;
				SWIFT_EMIT_LOC_STRINGS = YES;
				TARGETED_DEVICE_FAMILY = "1,2";
			};
			name = Debug;
		};
		94F806912E52B6E300B6FE7A /* Release */ = {
			isa = XCBuildConfiguration;
			buildSettings = {
				CODE_SIGN_STYLE = Automatic;
				CURRENT_PROJECT_VERSION = 1;
				DEFINES_MODULE = YES;
				DEVELOPMENT_TEAM = VSW2PKYTD7;
				DYLIB_COMPATIBILITY_VERSION = 1;
				DYLIB_CURRENT_VERSION = 1;
				DYLIB_INSTALL_NAME_BASE = "@rpath";
				ENABLE_MODULE_VERIFIER = YES;
				GENERATE_INFOPLIST_FILE = YES;
				INFOPLIST_KEY_NSHumanReadableCopyright = "";
				INSTALL_PATH = "$(LOCAL_LIBRARY_DIR)/Frameworks";
				IPHONEOS_DEPLOYMENT_TARGET = 12.0;
				LD_RUNPATH_SEARCH_PATHS = (
					"$(inherited)",
					"@executable_path/Frameworks",
					"@loader_path/Frameworks",
				);
				MARKETING_VERSION = 1.0;
				MODULE_VERIFIER_SUPPORTED_LANGUAGES = "objective-c objective-c++";
				MODULE_VERIFIER_SUPPORTED_LANGUAGE_STANDARDS = "gnu17 gnu++20";
				PRODUCT_BUNDLE_IDENTIFIER = com.alicloud.emascurl.EMASLocalProxy.EMASLocalProxy;
				PRODUCT_NAME = "$(TARGET_NAME:c99extidentifier)";
				SKIP_INSTALL = YES;
				SWIFT_EMIT_LOC_STRINGS = YES;
				TARGETED_DEVICE_FAMILY = "1,2";
			};
			name = Release;
		};
/* End XCBuildConfiguration section */

/* Begin XCConfigurationList section */
		6F3F5FD42CD0DB200014025B /* Build configuration list for PBXProject "EMASCurl" */ = {
			isa = XCConfigurationList;
			buildConfigurations = (
				6F3F5FE32CD0DB200014025B /* Debug */,
				6F3F5FE42CD0DB200014025B /* Release */,
			);
			defaultConfigurationIsVisible = 0;
			defaultConfigurationName = Release;
		};
		6F3F5FE02CD0DB200014025B /* Build configuration list for PBXNativeTarget "EMASCurl" */ = {
			isa = XCConfigurationList;
			buildConfigurations = (
				6F3F5FE12CD0DB200014025B /* Debug */,
				6F3F5FE22CD0DB200014025B /* Release */,
			);
			defaultConfigurationIsVisible = 0;
			defaultConfigurationName = Release;
		};
		6F3F5FF02CD0DB520014025B /* Build configuration list for PBXNativeTarget "EMASCurlTests" */ = {
			isa = XCConfigurationList;
			buildConfigurations = (
				6F3F5FF12CD0DB520014025B /* Debug */,
				6F3F5FF22CD0DB520014025B /* Release */,
			);
			defaultConfigurationIsVisible = 0;
			defaultConfigurationName = Release;
		};
		6F3F600E2CD0DB6F0014025B /* Build configuration list for PBXNativeTarget "EMASCurlDemo" */ = {
			isa = XCConfigurationList;
			buildConfigurations = (
				6F3F600F2CD0DB6F0014025B /* Debug */,
				6F3F60102CD0DB6F0014025B /* Release */,
			);
			defaultConfigurationIsVisible = 0;
			defaultConfigurationName = Release;
		};
		94F8068F2E52B6E300B6FE7A /* Build configuration list for PBXNativeTarget "EMASLocalProxy" */ = {
			isa = XCConfigurationList;
			buildConfigurations = (
				94F806902E52B6E300B6FE7A /* Debug */,
				94F806912E52B6E300B6FE7A /* Release */,
			);
			defaultConfigurationIsVisible = 0;
			defaultConfigurationName = Release;
		};
/* End XCConfigurationList section */
	};
	rootObject = 6F3F5FD12CD0DB200014025B /* Project object */;
}
